
Microsoft Visual Studio Solution File, Format Version 12.00
# Visual Studio 15
VisualStudioVersion = 15.0.27428.2011
MinimumVisualStudioVersion = 10.0.40219.1
Project("{FAE04EC0-301F-11D3-BF4B-00C04F79EFBC}") = "MicrosoftGraph", "MicrosoftGraph\MicrosoftGraph.csproj", "{CF5798EE-B606-43F7-BC08-D1DD6AB2F58A}"
EndProject
Project("{FAE04EC0-301F-11D3-BF4B-00C04F79EFBC}") = "MSGraphScopeControl", "MSGraphScopeControl\MSGraphScopeControl.csproj", "{C7938818-0F89-488F-9598-4EB6EA7D75CA}"
EndProject
Global
	GlobalSection(SolutionConfigurationPlatforms) = preSolution
		Debug|ARM = Debug|ARM
		Debug|x64 = Debug|x64
		Debug|x86 = Debug|x86
		Release|ARM = Release|ARM
		Release|x64 = Release|x64
		Release|x86 = Release|x86
	EndGlobalSection
	GlobalSection(ProjectConfigurationPlatforms) = postSolution
		{CF5798EE-B606-43F7-BC08-D1DD6AB2F58A}.Debug|ARM.ActiveCfg = Debug|ARM
		{CF5798EE-B606-43F7-BC08-D1DD6AB2F58A}.Debug|ARM.Build.0 = Debug|ARM
		{CF5798EE-B606-43F7-BC08-D1DD6AB2F58A}.Debug|ARM.Deploy.0 = Debug|ARM
		{CF5798EE-B606-43F7-BC08-D1DD6AB2F58A}.Debug|x64.ActiveCfg = Debug|x64
		{CF5798EE-B606-43F7-BC08-D1DD6AB2F58A}.Debug|x64.Build.0 = Debug|x64
		{CF5798EE-B606-43F7-BC08-D1DD6AB2F58A}.Debug|x64.Deploy.0 = Debug|x64
		{CF5798EE-B606-43F7-BC08-D1DD6AB2F58A}.Debug|x86.ActiveCfg = Debug|x86
		{CF5798EE-B606-43F7-BC08-D1DD6AB2F58A}.Debug|x86.Build.0 = Debug|x86
		{CF5798EE-B606-43F7-BC08-D1DD6AB2F58A}.Debug|x86.Deploy.0 = Debug|x86
		{CF5798EE-B606-43F7-BC08-D1DD6AB2F58A}.Release|ARM.ActiveCfg = Release|ARM
		{CF5798EE-B606-43F7-BC08-D1DD6AB2F58A}.Release|ARM.Build.0 = Release|ARM
		{CF5798EE-B606-43F7-BC08-D1DD6AB2F58A}.Release|ARM.Deploy.0 = Release|ARM
		{CF5798EE-B606-43F7-BC08-D1DD6AB2F58A}.Release|x64.ActiveCfg = Release|x64
		{CF5798EE-B606-43F7-BC08-D1DD6AB2F58A}.Release|x64.Build.0 = Release|x64
		{CF5798EE-B606-43F7-BC08-D1DD6AB2F58A}.Release|x64.Deploy.0 = Release|x64
		{CF5798EE-B606-43F7-BC08-D1DD6AB2F58A}.Release|x86.ActiveCfg = Release|x86
		{CF5798EE-B606-43F7-BC08-D1DD6AB2F58A}.Release|x86.Build.0 = Release|x86
		{CF5798EE-B606-43F7-BC08-D1DD6AB2F58A}.Release|x86.Deploy.0 = Release|x86
		{C7938818-0F89-488F-9598-4EB6EA7D75CA}.Debug|ARM.ActiveCfg = Debug|ARM
		{C7938818-0F89-488F-9598-4EB6EA7D75CA}.Debug|ARM.Build.0 = Debug|ARM
		{C7938818-0F89-488F-9598-4EB6EA7D75CA}.Debug|ARM.Deploy.0 = Debug|ARM
		{C7938818-0F89-488F-9598-4EB6EA7D75CA}.Debug|x64.ActiveCfg = Debug|x64
		{C7938818-0F89-488F-9598-4EB6EA7D75CA}.Debug|x64.Build.0 = Debug|x64
		{C7938818-0F89-488F-9598-4EB6EA7D75CA}.Debug|x64.Deploy.0 = Debug|x64
		{C7938818-0F89-488F-9598-4EB6EA7D75CA}.Debug|x86.ActiveCfg = Debug|x86
		{C7938818-0F89-488F-9598-4EB6EA7D75CA}.Debug|x86.Build.0 = Debug|x86
		{C7938818-0F89-488F-9598-4EB6EA7D75CA}.Debug|x86.Deploy.0 = Debug|x86
		{C7938818-0F89-488F-9598-4EB6EA7D75CA}.Release|ARM.ActiveCfg = Release|ARM
		{C7938818-0F89-488F-9598-4EB6EA7D75CA}.Release|ARM.Build.0 = Release|ARM
		{C7938818-0F89-488F-9598-4EB6EA7D75CA}.Release|ARM.Deploy.0 = Release|ARM
		{C7938818-0F89-488F-9598-4EB6EA7D75CA}.Release|x64.ActiveCfg = Release|x64
		{C7938818-0F89-488F-9598-4EB6EA7D75CA}.Release|x64.Build.0 = Release|x64
		{C7938818-0F89-488F-9598-4EB6EA7D75CA}.Release|x64.Deploy.0 = Release|x64
		{C7938818-0F89-488F-9598-4EB6EA7D75CA}.Release|x86.ActiveCfg = Release|x86
		{C7938818-0F89-488F-9598-4EB6EA7D75CA}.Release|x86.Build.0 = Release|x86
		{C7938818-0F89-488F-9598-4EB6EA7D75CA}.Release|x86.Deploy.0 = Release|x86
	EndGlobalSection
	GlobalSection(SolutionProperties) = preSolution
		HideSolutionNode = FALSE
	EndGlobalSection
	GlobalSection(ExtensibilityGlobals) = postSolution
		SolutionGuid = {701456D1-7E8A-4F0D-8B22-8BFB3C18EDEC}
	EndGlobalSection
EndGlobal
